// !$*UTF8*$!
{
	archiveVersion = 1;
	classes = {
	};
	objectVersion = 46;
	objects = {

/* Begin PBXBuildFile section */
		E47ECD6E1CB6065800895AD7 /* AppDelegate.swift in Sources */ = {isa = PBXBuildFile; fileRef = E47ECD6D1CB6065800895AD7 /* AppDelegate.swift */; };
		E47ECD701CB6065800895AD7 /* Assets.xcassets in Resources */ = {isa = PBXBuildFile; fileRef = E47ECD6F1CB6065800895AD7 /* Assets.xcassets */; };
		E47ECD731CB6065800895AD7 /* LaunchScreen.storyboard in Resources */ = {isa = PBXBuildFile; fileRef = E47ECD711CB6065800895AD7 /* LaunchScreen.storyboard */; };
		E47ECD7E1CB6065800895AD7 /* TextkitTestTests.swift in Sources */ = {isa = PBXBuildFile; fileRef = E47ECD7D1CB6065800895AD7 /* TextkitTestTests.swift */; };
		E47ECD891CB6065800895AD7 /* TextkitTestUITests.swift in Sources */ = {isa = PBXBuildFile; fileRef = E47ECD881CB6065800895AD7 /* TextkitTestUITests.swift */; };
		E47ECD971CB6067F00895AD7 /* TextKitViewController.swift in Sources */ = {isa = PBXBuildFile; fileRef = E47ECD961CB6067F00895AD7 /* TextKitViewController.swift */; };
		E47ECD991CB6472600895AD7 /* GMImage.swift in Sources */ = {isa = PBXBuildFile; fileRef = E47ECD981CB6472600895AD7 /* GMImage.swift */; };
		E47ECD9D1CB66AF600895AD7 /* GMTextAttachment.swift in Sources */ = {isa = PBXBuildFile; fileRef = E47ECD9C1CB66AF600895AD7 /* GMTextAttachment.swift */; };
/* End PBXBuildFile section */

/* Begin PBXContainerItemProxy section */
		E47ECD7A1CB6065800895AD7 /* PBXContainerItemProxy */ = {
			isa = PBXContainerItemProxy;
			containerPortal = E47ECD621CB6065800895AD7 /* Project object */;
			proxyType = 1;
			remoteGlobalIDString = E47ECD691CB6065800895AD7;
			remoteInfo = TextkitTest;
		};
		E47ECD851CB6065800895AD7 /* PBXContainerItemProxy */ = {
			isa = PBXContainerItemProxy;
			containerPortal = E47ECD621CB6065800895AD7 /* Project object */;
			proxyType = 1;
			remoteGlobalIDString = E47ECD691CB6065800895AD7;
			remoteInfo = TextkitTest;
		};
/* End PBXContainerItemProxy section */

/* Begin PBXFileReference section */
		E47ECD6A1CB6065800895AD7 /* TextkitTest.app */ = {isa = PBXFileReference; explicitFileType = wrapper.application; includeInIndex = 0; path = TextkitTest.app; sourceTree = BUILT_PRODUCTS_DIR; };
		E47ECD6D1CB6065800895AD7 /* AppDelegate.swift */ = {isa = PBXFileReference; lastKnownFileType = sourcecode.swift; path = AppDelegate.swift; sourceTree = "<group>"; };
		E47ECD6F1CB6065800895AD7 /* Assets.xcassets */ = {isa = PBXFileReference; lastKnownFileType = folder.assetcatalog; path = Assets.xcassets; sourceTree = "<group>"; };
		E47ECD721CB6065800895AD7 /* Base */ = {isa = PBXFileReference; lastKnownFileType = file.storyboard; name = Base; path = Base.lproj/LaunchScreen.storyboard; sourceTree = "<group>"; };
		E47ECD741CB6065800895AD7 /* Info.plist */ = {isa = PBXFileReference; lastKnownFileType = text.plist.xml; path = Info.plist; sourceTree = "<group>"; };
		E47ECD791CB6065800895AD7 /* TextkitTestTests.xctest */ = {isa = PBXFileReference; explicitFileType = wrapper.cfbundle; includeInIndex = 0; path = TextkitTestTests.xctest; sourceTree = BUILT_PRODUCTS_DIR; };
		E47ECD7D1CB6065800895AD7 /* TextkitTestTests.swift */ = {isa = PBXFileReference; lastKnownFileType = sourcecode.swift; path = TextkitTestTests.swift; sourceTree = "<group>"; };
		E47ECD7F1CB6065800895AD7 /* Info.plist */ = {isa = PBXFileReference; lastKnownFileType = text.plist.xml; path = Info.plist; sourceTree = "<group>"; };
		E47ECD841CB6065800895AD7 /* TextkitTestUITests.xctest */ = {isa = PBXFileReference; explicitFileType = wrapper.cfbundle; includeInIndex = 0; path = TextkitTestUITests.xctest; sourceTree = BUILT_PRODUCTS_DIR; };
		E47ECD881CB6065800895AD7 /* TextkitTestUITests.swift */ = {isa = PBXFileReference; lastKnownFileType = sourcecode.swift; path = TextkitTestUITests.swift; sourceTree = "<group>"; };
		E47ECD8A1CB6065800895AD7 /* Info.plist */ = {isa = PBXFileReference; lastKnownFileType = text.plist.xml; path = Info.plist; sourceTree = "<group>"; };
		E47ECD961CB6067F00895AD7 /* TextKitViewController.swift */ = {isa = PBXFileReference; fileEncoding = 4; lastKnownFileType = sourcecode.swift; path = TextKitViewController.swift; sourceTree = "<group>"; };
		E47ECD981CB6472600895AD7 /* GMImage.swift */ = {isa = PBXFileReference; fileEncoding = 4; lastKnownFileType = sourcecode.swift; path = GMImage.swift; sourceTree = "<group>"; };
		E47ECD9C1CB66AF600895AD7 /* GMTextAttachment.swift */ = {isa = PBXFileReference; fileEncoding = 4; lastKnownFileType = sourcecode.swift; path = GMTextAttachment.swift; sourceTree = "<group>"; };
/* End PBXFileReference section */

/* Begin PBXFrameworksBuildPhase section */
		E47ECD671CB6065800895AD7 /* Frameworks */ = {
			isa = PBXFrameworksBuildPhase;
			buildActionMask = 2147483647;
			files = (
			);
			runOnlyForDeploymentPostprocessing = 0;
		};
		E47ECD761CB6065800895AD7 /* Frameworks */ = {
			isa = PBXFrameworksBuildPhase;
			buildActionMask = 2147483647;
			files = (
			);
			runOnlyForDeploymentPostprocessing = 0;
		};
		E47ECD811CB6065800895AD7 /* Frameworks */ = {
			isa = PBXFrameworksBuildPhase;
			buildActionMask = 2147483647;
			files = (
			);
			runOnlyForDeploymentPostprocessing = 0;
		};
/* End PBXFrameworksBuildPhase section */

/* Begin PBXGroup section */
		E47ECD611CB6065800895AD7 = {
			isa = PBXGroup;
			children = (
				E47ECD6C1CB6065800895AD7 /* TextkitTest */,
				E47ECD7C1CB6065800895AD7 /* TextkitTestTests */,
				E47ECD871CB6065800895AD7 /* TextkitTestUITests */,
				E47ECD6B1CB6065800895AD7 /* Products */,
			);
			sourceTree = "<group>";
		};
		E47ECD6B1CB6065800895AD7 /* Products */ = {
			isa = PBXGroup;
			children = (
				E47ECD6A1CB6065800895AD7 /* TextkitTest.app */,
				E47ECD791CB6065800895AD7 /* TextkitTestTests.xctest */,
				E47ECD841CB6065800895AD7 /* TextkitTestUITests.xctest */,
			);
			name = Products;
			sourceTree = "<group>";
		};
		E47ECD6C1CB6065800895AD7 /* TextkitTest */ = {
			isa = PBXGroup;
			children = (
				E47ECD6D1CB6065800895AD7 /* AppDelegate.swift */,
				E47ECD961CB6067F00895AD7 /* TextKitViewController.swift */,
				E47ECD981CB6472600895AD7 /* GMImage.swift */,
				E47ECD6F1CB6065800895AD7 /* Assets.xcassets */,
				E47ECD711CB6065800895AD7 /* LaunchScreen.storyboard */,
				E47ECD741CB6065800895AD7 /* Info.plist */,
				E47ECD9C1CB66AF600895AD7 /* GMTextAttachment.swift */,
			);
			path = TextkitTest;
			sourceTree = "<group>";
		};
		E47ECD7C1CB6065800895AD7 /* TextkitTestTests */ = {
			isa = PBXGroup;
			children = (
				E47ECD7D1CB6065800895AD7 /* TextkitTestTests.swift */,
				E47ECD7F1CB6065800895AD7 /* Info.plist */,
			);
			path = TextkitTestTests;
			sourceTree = "<group>";
		};
		E47ECD871CB6065800895AD7 /* TextkitTestUITests */ = {
			isa = PBXGroup;
			children = (
				E47ECD881CB6065800895AD7 /* TextkitTestUITests.swift */,
				E47ECD8A1CB6065800895AD7 /* Info.plist */,
			);
			path = TextkitTestUITests;
			sourceTree = "<group>";
		};
/* End PBXGroup section */

/* Begin PBXNativeTarget section */
		E47ECD691CB6065800895AD7 /* TextkitTest */ = {
			isa = PBXNativeTarget;
			buildConfigurationList = E47ECD8D1CB6065800895AD7 /* Build configuration list for PBXNativeTarget "TextkitTest" */;
			buildPhases = (
				E47ECD661CB6065800895AD7 /* Sources */,
				E47ECD671CB6065800895AD7 /* Frameworks */,
				E47ECD681CB6065800895AD7 /* Resources */,
			);
			buildRules = (
			);
			dependencies = (
			);
			name = TextkitTest;
			productName = TextkitTest;
			productReference = E47ECD6A1CB6065800895AD7 /* TextkitTest.app */;
			productType = "com.apple.product-type.application";
		};
		E47ECD781CB6065800895AD7 /* TextkitTestTests */ = {
			isa = PBXNativeTarget;
			buildConfigurationList = E47ECD901CB6065800895AD7 /* Build configuration list for PBXNativeTarget "TextkitTestTests" */;
			buildPhases = (
				E47ECD751CB6065800895AD7 /* Sources */,
				E47ECD761CB6065800895AD7 /* Frameworks */,
				E47ECD771CB6065800895AD7 /* Resources */,
			);
			buildRules = (
			);
			dependencies = (
				E47ECD7B1CB6065800895AD7 /* PBXTargetDependency */,
			);
			name = TextkitTestTests;
			productName = TextkitTestTests;
			productReference = E47ECD791CB6065800895AD7 /* TextkitTestTests.xctest */;
			productType = "com.apple.product-type.bundle.unit-test";
		};
		E47ECD831CB6065800895AD7 /* TextkitTestUITests */ = {
			isa = PBXNativeTarget;
			buildConfigurationList = E47ECD931CB6065800895AD7 /* Build configuration list for PBXNativeTarget "TextkitTestUITests" */;
			buildPhases = (
				E47ECD801CB6065800895AD7 /* Sources */,
				E47ECD811CB6065800895AD7 /* Frameworks */,
				E47ECD821CB6065800895AD7 /* Resources */,
			);
			buildRules = (
			);
			dependencies = (
				E47ECD861CB6065800895AD7 /* PBXTargetDependency */,
			);
			name = TextkitTestUITests;
			productName = TextkitTestUITests;
			productReference = E47ECD841CB6065800895AD7 /* TextkitTestUITests.xctest */;
			productType = "com.apple.product-type.bundle.ui-testing";
		};
/* End PBXNativeTarget section */

/* Begin PBXProject section */
		E47ECD621CB6065800895AD7 /* Project object */ = {
			isa = PBXProject;
			attributes = {
				LastSwiftUpdateCheck = 0730;
				LastUpgradeCheck = 0730;
				ORGANIZATIONNAME = Thierry;
				TargetAttributes = {
					E47ECD691CB6065800895AD7 = {
						CreatedOnToolsVersion = 7.3;
						DevelopmentTeam = WVBNZ8J842;
					};
					E47ECD781CB6065800895AD7 = {
						CreatedOnToolsVersion = 7.3;
						TestTargetID = E47ECD691CB6065800895AD7;
					};
					E47ECD831CB6065800895AD7 = {
						CreatedOnToolsVersion = 7.3;
						TestTargetID = E47ECD691CB6065800895AD7;
					};
				};
			};
			buildConfigurationList = E47ECD651CB6065800895AD7 /* Build configuration list for PBXProject "TextkitTest" */;
			compatibilityVersion = "Xcode 3.2";
			developmentRegion = English;
			hasScannedForEncodings = 0;
			knownRegions = (
				en,
				Base,
			);
			mainGroup = E47ECD611CB6065800895AD7;
			productRefGroup = E47ECD6B1CB6065800895AD7 /* Products */;
			projectDirPath = "";
			projectRoot = "";
			targets = (
				E47ECD691CB6065800895AD7 /* TextkitTest */,
				E47ECD781CB6065800895AD7 /* TextkitTestTests */,
				E47ECD831CB6065800895AD7 /* TextkitTestUITests */,
			);
		};
/* End PBXProject section */

/* Begin PBXResourcesBuildPhase section */
		E47ECD681CB6065800895AD7 /* Resources */ = {
			isa = PBXResourcesBuildPhase;
			buildActionMask = 2147483647;
			files = (
				E47ECD701CB6065800895AD7 /* Assets.xcassets in Resources */,
				E47ECD731CB6065800895AD7 /* LaunchScreen.storyboard in Resources */,
			);
			runOnlyForDeploymentPostprocessing = 0;
		};
		E47ECD771CB6065800895AD7 /* Resources */ = {
			isa = PBXResourcesBuildPhase;
			buildActionMask = 2147483647;
			files = (
			);
			runOnlyForDeploymentPostprocessing = 0;
		};
		E47ECD821CB6065800895AD7 /* Resources */ = {
			isa = PBXResourcesBuildPhase;
			buildActionMask = 2147483647;
			files = (
			);
			runOnlyForDeploymentPostprocessing = 0;
		};
/* End PBXResourcesBuildPhase section */

/* Begin PBXSourcesBuildPhase section */
		E47ECD661CB6065800895AD7 /* Sources */ = {
			isa = PBXSourcesBuildPhase;
			buildActionMask = 2147483647;
			files = (
				E47ECD971CB6067F00895AD7 /* TextKitViewController.swift in Sources */,
				E47ECD991CB6472600895AD7 /* GMImage.swift in Sources */,
				E47ECD6E1CB6065800895AD7 /* AppDelegate.swift in Sources */,
				E47ECD9D1CB66AF600895AD7 /* GMTextAttachment.swift in Sources */,
			);
			runOnlyForDeploymentPostprocessing = 0;
		};
		E47ECD751CB6065800895AD7 /* Sources */ = {
			isa = PBXSourcesBuildPhase;
			buildActionMask = 2147483647;
			files = (
				E47ECD7E1CB6065800895AD7 /* TextkitTestTests.swift in Sources */,
			);
			runOnlyForDeploymentPostprocessing = 0;
		};
		E47ECD801CB6065800895AD7 /* Sources */ = {
			isa = PBXSourcesBuildPhase;
			buildActionMask = 2147483647;
			files = (
				E47ECD891CB6065800895AD7 /* TextkitTestUITests.swift in Sources */,
			);
			runOnlyForDeploymentPostprocessing = 0;
		};
/* End PBXSourcesBuildPhase section */

/* Begin PBXTargetDependency section */
		E47ECD7B1CB6065800895AD7 /* PBXTargetDependency */ = {
			isa = PBXTargetDependency;
			target = E47ECD691CB6065800895AD7 /* TextkitTest */;
			targetProxy = E47ECD7A1CB6065800895AD7 /* PBXContainerItemProxy */;
		};
		E47ECD861CB6065800895AD7 /* PBXTargetDependency */ = {
			isa = PBXTargetDependency;
			target = E47ECD691CB6065800895AD7 /* TextkitTest */;
			targetProxy = E47ECD851CB6065800895AD7 /* PBXContainerItemProxy */;
		};
/* End PBXTargetDependency section */

/* Begin PBXVariantGroup section */
		E47ECD711CB6065800895AD7 /* LaunchScreen.storyboard */ = {
			isa = PBXVariantGroup;
			children = (
				E47ECD721CB6065800895AD7 /* Base */,
			);
			name = LaunchScreen.storyboard;
			sourceTree = "<group>";
		};
/* End PBXVariantGroup section */

/* Begin XCBuildConfiguration section */
		E47ECD8B1CB6065800895AD7 /* Debug */ = {
			isa = XCBuildConfiguration;
			buildSettings = {
				ALWAYS_SEARCH_USER_PATHS = NO;
				CLANG_ANALYZER_NONNULL = YES;
				CLANG_CXX_LANGUAGE_STANDARD = "gnu++0x";
				CLANG_CXX_LIBRARY = "libc++";
				CLANG_ENABLE_MODULES = YES;
				CLANG_ENABLE_OBJC_ARC = YES;
				CLANG_WARN_BOOL_CONVERSION = YES;
				CLANG_WARN_CONSTANT_CONVERSION = YES;
				CLANG_WARN_DIRECT_OBJC_ISA_USAGE = YES_ERROR;
				CLANG_WARN_EMPTY_BODY = YES;
				CLANG_WARN_ENUM_CONVERSION = YES;
				CLANG_WARN_INT_CONVERSION = YES;
				CLANG_WARN_OBJC_ROOT_CLASS = YES_ERROR;
				CLANG_WARN_UNREACHABLE_CODE = YES;
				CLANG_WARN__DUPLICATE_METHOD_MATCH = YES;
				"CODE_SIGN_IDENTITY[sdk=iphoneos*]" = "iPhone Developer";
				COPY_PHASE_STRIP = NO;
				DEBUG_INFORMATION_FORMAT = dwarf;
				ENABLE_STRICT_OBJC_MSGSEND = YES;
				ENABLE_TESTABILITY = YES;
				GCC_C_LANGUAGE_STANDARD = gnu99;
				GCC_DYNAMIC_NO_PIC = NO;
				GCC_NO_COMMON_BLOCKS = YES;
				GCC_OPTIMIZATION_LEVEL = 0;
				GCC_PREPROCESSOR_DEFINITIONS = (
					"DEBUG=1",
					"$(inherited)",
				);
				GCC_WARN_64_TO_32_BIT_CONVERSION = YES;
				GCC_WARN_ABOUT_RETURN_TYPE = YES_ERROR;
				GCC_WARN_UNDECLARED_SELECTOR = YES;
				GCC_WARN_UNINITIALIZED_AUTOS = YES_AGGRESSIVE;
				GCC_WARN_UNUSED_FUNCTION = YES;
				GCC_WARN_UNUSED_VARIABLE = YES;
				IPHONEOS_DEPLOYMENT_TARGET = 9.3;
				MTL_ENABLE_DEBUG_INFO = YES;
				ONLY_ACTIVE_ARCH = YES;
				SDKROOT = iphoneos;
				SWIFT_OPTIMIZATION_LEVEL = "-Onone";
			};
			name = Debug;
		};
		E47ECD8C1CB6065800895AD7 /* Release */ = {
			isa = XCBuildConfiguration;
			buildSettings = {
				ALWAYS_SEARCH_USER_PATHS = NO;
				CLANG_ANALYZER_NONNULL = YES;
				CLANG_CXX_LANGUAGE_STANDARD = "gnu++0x";
				CLANG_CXX_LIBRARY = "libc++";
				CLANG_ENABLE_MODULES = YES;
				CLANG_ENABLE_OBJC_ARC = YES;
				CLANG_WARN_BOOL_CONVERSION = YES;
				CLANG_WARN_CONSTANT_CONVERSION = YES;
				CLANG_WARN_DIRECT_OBJC_ISA_USAGE = YES_ERROR;
				CLANG_WARN_EMPTY_BODY = YES;
				CLANG_WARN_ENUM_CONVERSION = YES;
				CLANG_WARN_INT_CONVERSION = YES;
				CLANG_WARN_OBJC_ROOT_CLASS = YES_ERROR;
				CLANG_WARN_UNREACHABLE_CODE = YES;
				CLANG_WARN__DUPLICATE_METHOD_MATCH = YES;
				"CODE_SIGN_IDENTITY[sdk=iphoneos*]" = "iPhone Developer";
				COPY_PHASE_STRIP = NO;
				DEBUG_INFORMATION_FORMAT = "dwarf-with-dsym";
				ENABLE_NS_ASSERTIONS = NO;
				ENABLE_STRICT_OBJC_MSGSEND = YES;
				GCC_C_LANGUAGE_STANDARD = gnu99;
				GCC_NO_COMMON_BLOCKS = YES;
				GCC_WARN_64_TO_32_BIT_CONVERSION = YES;
				GCC_WARN_ABOUT_RETURN_TYPE = YES_ERROR;
				GCC_WARN_UNDECLARED_SELECTOR = YES;
				GCC_WARN_UNINITIALIZED_AUTOS = YES_AGGRESSIVE;
				GCC_WARN_UNUSED_FUNCTION = YES;
				GCC_WARN_UNUSED_VARIABLE = YES;
				IPHONEOS_DEPLOYMENT_TARGET = 9.3;
				MTL_ENABLE_DEBUG_INFO = NO;
				SDKROOT = iphoneos;
				VALIDATE_PRODUCT = YES;
			};
			name = Release;
		};
		E47ECD8E1CB6065800895AD7 /* Debug */ = {
			isa = XCBuildConfiguration;
			buildSettings = {
				ASSETCATALOG_COMPILER_APPICON_NAME = AppIcon;
				CODE_SIGN_IDENTITY = "iPhone Developer";
				"CODE_SIGN_IDENTITY[sdk=iphoneos*]" = "iPhone Developer";
				INFOPLIST_FILE = TextkitTest/Info.plist;
				LD_RUNPATH_SEARCH_PATHS = "$(inherited) @executable_path/Frameworks";
				PRODUCT_BUNDLE_IDENTIFIER = Thierry.TextkitTest;
				PRODUCT_NAME = "$(TARGET_NAME)";
				PROVISIONING_PROFILE = "";
			};
			name = Debug;
		};
		E47ECD8F1CB6065800895AD7 /* Release */ = {
			isa = XCBuildConfiguration;
			buildSettings = {
				ASSETCATALOG_COMPILER_APPICON_NAME = AppIcon;
				CODE_SIGN_IDENTITY = "iPhone Developer";
				"CODE_SIGN_IDENTITY[sdk=iphoneos*]" = "iPhone Developer";
				INFOPLIST_FILE = TextkitTest/Info.plist;
				LD_RUNPATH_SEARCH_PATHS = "$(inherited) @executable_path/Frameworks";
				PRODUCT_BUNDLE_IDENTIFIER = Thierry.TextkitTest;
				PRODUCT_NAME = "$(TARGET_NAME)";
				PROVISIONING_PROFILE = "";
			};
			name = Release;
		};
		E47ECD911CB6065800895AD7 /* Debug */ = {
			isa = XCBuildConfiguration;
			buildSettings = {
				BUNDLE_LOADER = "$(TEST_HOST)";
				INFOPLIST_FILE = TextkitTestTests/Info.plist;
				LD_RUNPATH_SEARCH_PATHS = "$(inherited) @executable_path/Frameworks @loader_path/Frameworks";
				PRODUCT_BUNDLE_IDENTIFIER = Thierry.TextkitTestTests;
				PRODUCT_NAME = "$(TARGET_NAME)";
				TEST_HOST = "$(BUILT_PRODUCTS_DIR)/TextkitTest.app/TextkitTest";
			};
			name = Debug;
		};
		E47ECD921CB6065800895AD7 /* Release */ = {
			isa = XCBuildConfiguration;
			buildSettings = {
				BUNDLE_LOADER = "$(TEST_HOST)";
				INFOPLIST_FILE = TextkitTestTests/Info.plist;
				LD_RUNPATH_SEARCH_PATHS = "$(inherited) @executable_path/Frameworks @loader_path/Frameworks";
				PRODUCT_BUNDLE_IDENTIFIER = Thierry.TextkitTestTests;
				PRODUCT_NAME = "$(TARGET_NAME)";
				TEST_HOST = "$(BUILT_PRODUCTS_DIR)/TextkitTest.app/TextkitTest";
			};
			name = Release;
		};
		E47ECD941CB6065800895AD7 /* Debug */ = {
			isa = XCBuildConfiguration;
			buildSettings = {
				INFOPLIST_FILE = TextkitTestUITests/Info.plist;
				LD_RUNPATH_SEARCH_PATHS = "$(inherited) @executable_path/Frameworks @loader_path/Frameworks";
				PRODUCT_BUNDLE_IDENTIFIER = Thierry.TextkitTestUITests;
				PRODUCT_NAME = "$(TARGET_NAME)";
				TEST_TARGET_NAME = TextkitTest;
			};
			name = Debug;
		};
		E47ECD951CB6065800895AD7 /* Release */ = {
			isa = XCBuildConfiguration;
			buildSettings = {
				INFOPLIST_FILE = TextkitTestUITests/Info.plist;
				LD_RUNPATH_SEARCH_PATHS = "$(inherited) @executable_path/Frameworks @loader_path/Frameworks";
				PRODUCT_BUNDLE_IDENTIFIER = Thierry.TextkitTestUITests;
				PRODUCT_NAME = "$(TARGET_NAME)";
				TEST_TARGET_NAME = TextkitTest;
			};
			name = Release;
		};
/* End XCBuildConfiguration section */

/* Begin XCConfigurationList section */
		E47ECD651CB6065800895AD7 /* Build configuration list for PBXProject "TextkitTest" */ = {
			isa = XCConfigurationList;
			buildConfigurations = (
				E47ECD8B1CB6065800895AD7 /* Debug */,
				E47ECD8C1CB6065800895AD7 /* Release */,
			);
			defaultConfigurationIsVisible = 0;
			defaultConfigurationName = Release;
		};
		E47ECD8D1CB6065800895AD7 /* Build configuration list for PBXNativeTarget "TextkitTest" */ = {
			isa = XCConfigurationList;
			buildConfigurations = (
				E47ECD8E1CB6065800895AD7 /* Debug */,
				E47ECD8F1CB6065800895AD7 /* Release */,
			);
			defaultConfigurationIsVisible = 0;
			defaultConfigurationName = Release;
		};
		E47ECD901CB6065800895AD7 /* Build configuration list for PBXNativeTarget "TextkitTestTests" */ = {
			isa = XCConfigurationList;
			buildConfigurations = (
				E47ECD911CB6065800895AD7 /* Debug */,
				E47ECD921CB6065800895AD7 /* Release */,
			);
			defaultConfigurationIsVisible = 0;
			defaultConfigurationName = Release;
		};
		E47ECD931CB6065800895AD7 /* Build configuration list for PBXNativeTarget "TextkitTestUITests" */ = {
			isa = XCConfigurationList;
			buildConfigurations = (
				E47ECD941CB6065800895AD7 /* Debug */,
				E47ECD951CB6065800895AD7 /* Release */,
			);
			defaultConfigurationIsVisible = 0;
			defaultConfigurationName = Release;
		};
/* End XCConfigurationList section */
	};
	rootObject = E47ECD621CB6065800895AD7 /* Project object */;
}
